{
  "object": {
    "pins": [
      {
        "package": "GRDB",
        "repositoryURL": "https://github.com/groue/GRDB.swift.git",
        "state": {
          "branch": null,
          "revision": "dd7e7f39e8e4d7a22d258d9809a882f914690b01",
          "version": "5.26.1"
        }
      },
      {
        "package": "Starscream",
        "repositoryURL": "https://github.com/daltoniam/Starscream.git",
        "state": {
          "branch": null,
          "revision": "a063fda2b8145a231953c20e7a646be254365396",
          "version": "3.1.2"
        }
      },
      {
        "package": "SwiftTryCatchSPM",
        "repositoryURL": "https://github.com/KimIlKyum/SwiftTryCatchSPM.git",
        "state": {
          "branch": null,
          "revision": "246bfce2caa550b88708b06b25b59b1a270f4c76",
          "version": "1.0.0"
        }
      }
    ]
  },
  "version": 1
}
